// !$*UTF8*$!
{
	archiveVersion = 1;
	classes = {
	};
	objectVersion = 46;
	objects = {

/* Begin PBXBuildFile section */
		6E5E208A17AEB30B00B0D5C7 /* Image.m in Sources */ = {isa = PBXBuildFile; fileRef = 6E5E208917AEB30B00B0D5C7 /* Image.m */; };
		6E5E208D17AEC56500B0D5C7 /* CDASQLiteDataStore.m in Sources */ = {isa = PBXBuildFile; fileRef = 6E5E208C17AEC56500B0D5C7 /* CDASQLiteDataStore.m */; };
		6E72C6FC17AEAA320045D486 /* NSString+RandomString.m in Sources */ = {isa = PBXBuildFile; fileRef = 6E72C6FB17AEAA320045D486 /* NSString+RandomString.m */; };
		6E72C71017AEAF6B0045D486 /* User.m in Sources */ = {isa = PBXBuildFile; fileRef = 6E72C70117AEAF6B0045D486 /* User.m */; };
		6E72C71117AEAF6B0045D486 /* Link.m in Sources */ = {isa = PBXBuildFile; fileRef = 6E72C70317AEAF6B0045D486 /* Link.m */; };
		6E72C71317AEAF6B0045D486 /* Post.m in Sources */ = {isa = PBXBuildFile; fileRef = 6E72C70717AEAF6B0045D486 /* Post.m */; };
		6E72C71417AEAF6B0045D486 /* Session.m in Sources */ = {isa = PBXBuildFile; fileRef = 6E72C70917AEAF6B0045D486 /* Session.m */; };
		6E72C71517AEAF6B0045D486 /* SiteAccount.m in Sources */ = {isa = PBXBuildFile; fileRef = 6E72C70B17AEAF6B0045D486 /* SiteAccount.m */; };
		6E72C71617AEAF6B0045D486 /* Skill.m in Sources */ = {isa = PBXBuildFile; fileRef = 6E72C70D17AEAF6B0045D486 /* Skill.m */; };
		6E72C71717AEAF6B0045D486 /* Team.m in Sources */ = {isa = PBXBuildFile; fileRef = 6E72C70F17AEAF6B0045D486 /* Team.m */; };
		6EB84B2817ADE0F50033C32C /* Cocoa.framework in Frameworks */ = {isa = PBXBuildFile; fileRef = 6EB84B2717ADE0F50033C32C /* Cocoa.framework */; };
		6EB84B3217ADE0F50033C32C /* InfoPlist.strings in Resources */ = {isa = PBXBuildFile; fileRef = 6EB84B3017ADE0F50033C32C /* InfoPlist.strings */; };
		6EB84B3417ADE0F50033C32C /* main.m in Sources */ = {isa = PBXBuildFile; fileRef = 6EB84B3317ADE0F50033C32C /* main.m */; };
		6EB84B3817ADE0F50033C32C /* Credits.rtf in Resources */ = {isa = PBXBuildFile; fileRef = 6EB84B3617ADE0F50033C32C /* Credits.rtf */; };
		6EB84B3B17ADE0F50033C32C /* SDSAppDelegate.m in Sources */ = {isa = PBXBuildFile; fileRef = 6EB84B3A17ADE0F50033C32C /* SDSAppDelegate.m */; };
		6EB84B3E17ADE0F60033C32C /* MainMenu.xib in Resources */ = {isa = PBXBuildFile; fileRef = 6EB84B3C17ADE0F60033C32C /* MainMenu.xib */; };
		6EB84B4717ADE6130033C32C /* DataModel.xcdatamodel in Sources */ = {isa = PBXBuildFile; fileRef = 6EB84B4417ADE6130033C32C /* DataModel.xcdatamodel */; };
		6EB8C89A17AF0D620051293C /* GCDAsyncSocket.m in Sources */ = {isa = PBXBuildFile; fileRef = 6EB8C89917AF0D620051293C /* GCDAsyncSocket.m */; };
		6EB8C89E17AF0E390051293C /* SDSServer.m in Sources */ = {isa = PBXBuildFile; fileRef = 6EB8C89D17AF0E390051293C /* SDSServer.m */; };
		6EB8C8AB17AF1AD30051293C /* HTTPResponseProxy.m in Sources */ = {isa = PBXBuildFile; fileRef = 6EB8C8A017AF1AD30051293C /* HTTPResponseProxy.m */; };
		6EB8C8AC17AF1AD30051293C /* Route.m in Sources */ = {isa = PBXBuildFile; fileRef = 6EB8C8A217AF1AD30051293C /* Route.m */; };
		6EB8C8AD17AF1AD30051293C /* RouteRequest.m in Sources */ = {isa = PBXBuildFile; fileRef = 6EB8C8A417AF1AD30051293C /* RouteRequest.m */; };
		6EB8C8AE17AF1AD30051293C /* RouteResponse.m in Sources */ = {isa = PBXBuildFile; fileRef = 6EB8C8A617AF1AD30051293C /* RouteResponse.m */; };
		6EB8C8AF17AF1AD30051293C /* RoutingConnection.m in Sources */ = {isa = PBXBuildFile; fileRef = 6EB8C8A817AF1AD30051293C /* RoutingConnection.m */; };
		6EB8C8B017AF1AD30051293C /* RoutingHTTPServer.m in Sources */ = {isa = PBXBuildFile; fileRef = 6EB8C8AA17AF1AD30051293C /* RoutingHTTPServer.m */; };
		6EB8C8DA17AF1B680051293C /* DDData.m in Sources */ = {isa = PBXBuildFile; fileRef = 6EB8C8B517AF1B680051293C /* DDData.m */; };
		6EB8C8DB17AF1B680051293C /* DDNumber.m in Sources */ = {isa = PBXBuildFile; fileRef = 6EB8C8B717AF1B680051293C /* DDNumber.m */; };
		6EB8C8DC17AF1B680051293C /* DDRange.m in Sources */ = {isa = PBXBuildFile; fileRef = 6EB8C8B917AF1B680051293C /* DDRange.m */; };
		6EB8C8DD17AF1B680051293C /* HTTPAuthenticationRequest.m in Sources */ = {isa = PBXBuildFile; fileRef = 6EB8C8BB17AF1B680051293C /* HTTPAuthenticationRequest.m */; };
		6EB8C8DE17AF1B680051293C /* HTTPConnection.m in Sources */ = {isa = PBXBuildFile; fileRef = 6EB8C8BD17AF1B680051293C /* HTTPConnection.m */; };
		6EB8C8DF17AF1B680051293C /* HTTPMessage.m in Sources */ = {isa = PBXBuildFile; fileRef = 6EB8C8C017AF1B680051293C /* HTTPMessage.m */; };
		6EB8C8E017AF1B680051293C /* HTTPServer.m in Sources */ = {isa = PBXBuildFile; fileRef = 6EB8C8C317AF1B680051293C /* HTTPServer.m */; };
		6EB8C8E117AF1B680051293C /* MultipartFormDataParser.m in Sources */ = {isa = PBXBuildFile; fileRef = 6EB8C8C617AF1B680051293C /* MultipartFormDataParser.m */; };
		6EB8C8E217AF1B680051293C /* MultipartMessageHeader.m in Sources */ = {isa = PBXBuildFile; fileRef = 6EB8C8C817AF1B680051293C /* MultipartMessageHeader.m */; };
		6EB8C8E317AF1B680051293C /* MultipartMessageHeaderField.m in Sources */ = {isa = PBXBuildFile; fileRef = 6EB8C8CA17AF1B680051293C /* MultipartMessageHeaderField.m */; };
		6EB8C8E417AF1B680051293C /* HTTPAsyncFileResponse.m in Sources */ = {isa = PBXBuildFile; fileRef = 6EB8C8CD17AF1B680051293C /* HTTPAsyncFileResponse.m */; };
		6EB8C8E517AF1B680051293C /* HTTPDataResponse.m in Sources */ = {isa = PBXBuildFile; fileRef = 6EB8C8CF17AF1B680051293C /* HTTPDataResponse.m */; };
		6EB8C8E617AF1B680051293C /* HTTPDynamicFileResponse.m in Sources */ = {isa = PBXBuildFile; fileRef = 6EB8C8D117AF1B680051293C /* HTTPDynamicFileResponse.m */; };
		6EB8C8E717AF1B680051293C /* HTTPErrorResponse.m in Sources */ = {isa = PBXBuildFile; fileRef = 6EB8C8D317AF1B680051293C /* HTTPErrorResponse.m */; };
		6EB8C8E817AF1B680051293C /* HTTPFileResponse.m in Sources */ = {isa = PBXBuildFile; fileRef = 6EB8C8D517AF1B680051293C /* HTTPFileResponse.m */; };
		6EB8C8E917AF1B680051293C /* HTTPRedirectResponse.m in Sources */ = {isa = PBXBuildFile; fileRef = 6EB8C8D717AF1B680051293C /* HTTPRedirectResponse.m */; };
		6EB8C8EA17AF1B680051293C /* WebSocket.m in Sources */ = {isa = PBXBuildFile; fileRef = 6EB8C8D917AF1B680051293C /* WebSocket.m */; };
		6EBFD39A17B6B73B009D208D /* APIApp.m in Sources */ = {isa = PBXBuildFile; fileRef = 6EBFD39917B6B73B009D208D /* APIApp.m */; };
		6EBFD39D17B6B73B009D208D /* APIAppUserPermissions.m in Sources */ = {isa = PBXBuildFile; fileRef = 6EBFD39C17B6B73B009D208D /* APIAppUserPermissions.m */; };
/* End PBXBuildFile section */

/* Begin PBXFileReference section */
		6E5E208817AEB30B00B0D5C7 /* Image.h */ = {isa = PBXFileReference; fileEncoding = 4; lastKnownFileType = sourcecode.c.h; path = Image.h; sourceTree = "<group>"; };
		6E5E208917AEB30B00B0D5C7 /* Image.m */ = {isa = PBXFileReference; fileEncoding = 4; lastKnownFileType = sourcecode.c.objc; path = Image.m; sourceTree = "<group>"; };
		6E5E208B17AEC56500B0D5C7 /* CDASQLiteDataStore.h */ = {isa = PBXFileReference; fileEncoding = 4; lastKnownFileType = sourcecode.c.h; path = CDASQLiteDataStore.h; sourceTree = "<group>"; };
		6E5E208C17AEC56500B0D5C7 /* CDASQLiteDataStore.m */ = {isa = PBXFileReference; fileEncoding = 4; lastKnownFileType = sourcecode.c.objc; path = CDASQLiteDataStore.m; sourceTree = "<group>"; };
		6E72C6F917AEAA320045D486 /* NSObject+CompletionBlock.h */ = {isa = PBXFileReference; fileEncoding = 4; lastKnownFileType = sourcecode.c.h; path = "NSObject+CompletionBlock.h"; sourceTree = "<group>"; };
		6E72C6FA17AEAA320045D486 /* NSString+RandomString.h */ = {isa = PBXFileReference; fileEncoding = 4; lastKnownFileType = sourcecode.c.h; path = "NSString+RandomString.h"; sourceTree = "<group>"; };
		6E72C6FB17AEAA320045D486 /* NSString+RandomString.m */ = {isa = PBXFileReference; fileEncoding = 4; lastKnownFileType = sourcecode.c.objc; path = "NSString+RandomString.m"; sourceTree = "<group>"; };
		6E72C70017AEAF6B0045D486 /* User.h */ = {isa = PBXFileReference; fileEncoding = 4; lastKnownFileType = sourcecode.c.h; path = User.h; sourceTree = "<group>"; };
		6E72C70117AEAF6B0045D486 /* User.m */ = {isa = PBXFileReference; fileEncoding = 4; lastKnownFileType = sourcecode.c.objc; path = User.m; sourceTree = "<group>"; };
		6E72C70217AEAF6B0045D486 /* Link.h */ = {isa = PBXFileReference; fileEncoding = 4; lastKnownFileType = sourcecode.c.h; path = Link.h; sourceTree = "<group>"; };
		6E72C70317AEAF6B0045D486 /* Link.m */ = {isa = PBXFileReference; fileEncoding = 4; lastKnownFileType = sourcecode.c.objc; path = Link.m; sourceTree = "<group>"; };
		6E72C70617AEAF6B0045D486 /* Post.h */ = {isa = PBXFileReference; fileEncoding = 4; lastKnownFileType = sourcecode.c.h; path = Post.h; sourceTree = "<group>"; };
		6E72C70717AEAF6B0045D486 /* Post.m */ = {isa = PBXFileReference; fileEncoding = 4; lastKnownFileType = sourcecode.c.objc; path = Post.m; sourceTree = "<group>"; };
		6E72C70817AEAF6B0045D486 /* Session.h */ = {isa = PBXFileReference; fileEncoding = 4; lastKnownFileType = sourcecode.c.h; path = Session.h; sourceTree = "<group>"; };
		6E72C70917AEAF6B0045D486 /* Session.m */ = {isa = PBXFileReference; fileEncoding = 4; lastKnownFileType = sourcecode.c.objc; path = Session.m; sourceTree = "<group>"; };
		6E72C70A17AEAF6B0045D486 /* SiteAccount.h */ = {isa = PBXFileReference; fileEncoding = 4; lastKnownFileType = sourcecode.c.h; path = SiteAccount.h; sourceTree = "<group>"; };
		6E72C70B17AEAF6B0045D486 /* SiteAccount.m */ = {isa = PBXFileReference; fileEncoding = 4; lastKnownFileType = sourcecode.c.objc; path = SiteAccount.m; sourceTree = "<group>"; };
		6E72C70C17AEAF6B0045D486 /* Skill.h */ = {isa = PBXFileReference; fileEncoding = 4; lastKnownFileType = sourcecode.c.h; path = Skill.h; sourceTree = "<group>"; };
		6E72C70D17AEAF6B0045D486 /* Skill.m */ = {isa = PBXFileReference; fileEncoding = 4; lastKnownFileType = sourcecode.c.objc; path = Skill.m; sourceTree = "<group>"; };
		6E72C70E17AEAF6B0045D486 /* Team.h */ = {isa = PBXFileReference; fileEncoding = 4; lastKnownFileType = sourcecode.c.h; path = Team.h; sourceTree = "<group>"; };
		6E72C70F17AEAF6B0045D486 /* Team.m */ = {isa = PBXFileReference; fileEncoding = 4; lastKnownFileType = sourcecode.c.objc; path = Team.m; sourceTree = "<group>"; };
		6E72C71917AEB0810045D486 /* Social Developer Server.entitlements */ = {isa = PBXFileReference; lastKnownFileType = text.xml; path = "Social Developer Server.entitlements"; sourceTree = "<group>"; };
		6EB84B2417ADE0F50033C32C /* Social Developer Server.app */ = {isa = PBXFileReference; explicitFileType = wrapper.application; includeInIndex = 0; path = "Social Developer Server.app"; sourceTree = BUILT_PRODUCTS_DIR; };
		6EB84B2717ADE0F50033C32C /* Cocoa.framework */ = {isa = PBXFileReference; lastKnownFileType = wrapper.framework; name = Cocoa.framework; path = System/Library/Frameworks/Cocoa.framework; sourceTree = SDKROOT; };
		6EB84B2A17ADE0F50033C32C /* AppKit.framework */ = {isa = PBXFileReference; lastKnownFileType = wrapper.framework; name = AppKit.framework; path = System/Library/Frameworks/AppKit.framework; sourceTree = SDKROOT; };
		6EB84B2B17ADE0F50033C32C /* CoreData.framework */ = {isa = PBXFileReference; lastKnownFileType = wrapper.framework; name = CoreData.framework; path = System/Library/Frameworks/CoreData.framework; sourceTree = SDKROOT; };
		6EB84B2C17ADE0F50033C32C /* Foundation.framework */ = {isa = PBXFileReference; lastKnownFileType = wrapper.framework; name = Foundation.framework; path = System/Library/Frameworks/Foundation.framework; sourceTree = SDKROOT; };
		6EB84B2F17ADE0F50033C32C /* Social Developer Server-Info.plist */ = {isa = PBXFileReference; lastKnownFileType = text.plist.xml; path = "Social Developer Server-Info.plist"; sourceTree = "<group>"; };
		6EB84B3117ADE0F50033C32C /* en */ = {isa = PBXFileReference; lastKnownFileType = text.plist.strings; name = en; path = en.lproj/InfoPlist.strings; sourceTree = "<group>"; };
		6EB84B3317ADE0F50033C32C /* main.m */ = {isa = PBXFileReference; lastKnownFileType = sourcecode.c.objc; path = main.m; sourceTree = "<group>"; };
		6EB84B3517ADE0F50033C32C /* Social Developer Server-Prefix.pch */ = {isa = PBXFileReference; lastKnownFileType = sourcecode.c.h; path = "Social Developer Server-Prefix.pch"; sourceTree = "<group>"; };
		6EB84B3717ADE0F50033C32C /* en */ = {isa = PBXFileReference; lastKnownFileType = text.rtf; name = en; path = en.lproj/Credits.rtf; sourceTree = "<group>"; };
		6EB84B3917ADE0F50033C32C /* SDSAppDelegate.h */ = {isa = PBXFileReference; lastKnownFileType = sourcecode.c.h; path = SDSAppDelegate.h; sourceTree = "<group>"; };
		6EB84B3A17ADE0F50033C32C /* SDSAppDelegate.m */ = {isa = PBXFileReference; lastKnownFileType = sourcecode.c.objc; path = SDSAppDelegate.m; sourceTree = "<group>"; };
		6EB84B3D17ADE0F60033C32C /* en */ = {isa = PBXFileReference; lastKnownFileType = file.xib; name = en; path = en.lproj/MainMenu.xib; sourceTree = "<group>"; };
		6EB84B4417ADE6130033C32C /* DataModel.xcdatamodel */ = {isa = PBXFileReference; lastKnownFileType = wrapper.xcdatamodel; path = DataModel.xcdatamodel; sourceTree = "<group>"; };
		6EB8C89817AF0D620051293C /* GCDAsyncSocket.h */ = {isa = PBXFileReference; fileEncoding = 4; lastKnownFileType = sourcecode.c.h; name = GCDAsyncSocket.h; path = "../../../../3rd party projects/CocoaAsyncSocket/GCD/GCDAsyncSocket.h"; sourceTree = "<group>"; };
		6EB8C89917AF0D620051293C /* GCDAsyncSocket.m */ = {isa = PBXFileReference; fileEncoding = 4; lastKnownFileType = sourcecode.c.objc; name = GCDAsyncSocket.m; path = "../../../../3rd party projects/CocoaAsyncSocket/GCD/GCDAsyncSocket.m"; sourceTree = "<group>"; };
		6EB8C89C17AF0E390051293C /* SDSServer.h */ = {isa = PBXFileReference; fileEncoding = 4; lastKnownFileType = sourcecode.c.h; path = SDSServer.h; sourceTree = "<group>"; };
		6EB8C89D17AF0E390051293C /* SDSServer.m */ = {isa = PBXFileReference; fileEncoding = 4; lastKnownFileType = sourcecode.c.objc; path = SDSServer.m; sourceTree = "<group>"; };
		6EB8C89F17AF1AD30051293C /* HTTPResponseProxy.h */ = {isa = PBXFileReference; fileEncoding = 4; lastKnownFileType = sourcecode.c.h; name = HTTPResponseProxy.h; path = "../../../../3rd party projects/RoutingHTTPServer/Source/HTTPResponseProxy.h"; sourceTree = "<group>"; };
		6EB8C8A017AF1AD30051293C /* HTTPResponseProxy.m */ = {isa = PBXFileReference; fileEncoding = 4; lastKnownFileType = sourcecode.c.objc; name = HTTPResponseProxy.m; path = "../../../../3rd party projects/RoutingHTTPServer/Source/HTTPResponseProxy.m"; sourceTree = "<group>"; };
		6EB8C8A117AF1AD30051293C /* Route.h */ = {isa = PBXFileReference; fileEncoding = 4; lastKnownFileType = sourcecode.c.h; name = Route.h; path = "../../../../3rd party projects/RoutingHTTPServer/Source/Route.h"; sourceTree = "<group>"; };
		6EB8C8A217AF1AD30051293C /* Route.m */ = {isa = PBXFileReference; fileEncoding = 4; lastKnownFileType = sourcecode.c.objc; name = Route.m; path = "../../../../3rd party projects/RoutingHTTPServer/Source/Route.m"; sourceTree = "<group>"; };
		6EB8C8A317AF1AD30051293C /* RouteRequest.h */ = {isa = PBXFileReference; fileEncoding = 4; lastKnownFileType = sourcecode.c.h; name = RouteRequest.h; path = "../../../../3rd party projects/RoutingHTTPServer/Source/RouteRequest.h"; sourceTree = "<group>"; };
		6EB8C8A417AF1AD30051293C /* RouteRequest.m */ = {isa = PBXFileReference; fileEncoding = 4; lastKnownFileType = sourcecode.c.objc; name = RouteRequest.m; path = "../../../../3rd party projects/RoutingHTTPServer/Source/RouteRequest.m"; sourceTree = "<group>"; };
		6EB8C8A517AF1AD30051293C /* RouteResponse.h */ = {isa = PBXFileReference; fileEncoding = 4; lastKnownFileType = sourcecode.c.h; name = RouteResponse.h; path = "../../../../3rd party projects/RoutingHTTPServer/Source/RouteResponse.h"; sourceTree = "<group>"; };
		6EB8C8A617AF1AD30051293C /* RouteResponse.m */ = {isa = PBXFileReference; fileEncoding = 4; lastKnownFileType = sourcecode.c.objc; name = RouteResponse.m; path = "../../../../3rd party projects/RoutingHTTPServer/Source/RouteResponse.m"; sourceTree = "<group>"; };
		6EB8C8A717AF1AD30051293C /* RoutingConnection.h */ = {isa = PBXFileReference; fileEncoding = 4; lastKnownFileType = sourcecode.c.h; name = RoutingConnection.h; path = "../../../../3rd party projects/RoutingHTTPServer/Source/RoutingConnection.h"; sourceTree = "<group>"; };
		6EB8C8A817AF1AD30051293C /* RoutingConnection.m */ = {isa = PBXFileReference; fileEncoding = 4; lastKnownFileType = sourcecode.c.objc; name = RoutingConnection.m; path = "../../../../3rd party projects/RoutingHTTPServer/Source/RoutingConnection.m"; sourceTree = "<group>"; };
		6EB8C8A917AF1AD30051293C /* RoutingHTTPServer.h */ = {isa = PBXFileReference; fileEncoding = 4; lastKnownFileType = sourcecode.c.h; name = RoutingHTTPServer.h; path = "../../../../3rd party projects/RoutingHTTPServer/Source/RoutingHTTPServer.h"; sourceTree = "<group>"; };
		6EB8C8AA17AF1AD30051293C /* RoutingHTTPServer.m */ = {isa = PBXFileReference; fileEncoding = 4; lastKnownFileType = sourcecode.c.objc; name = RoutingHTTPServer.m; path = "../../../../3rd party projects/RoutingHTTPServer/Source/RoutingHTTPServer.m"; sourceTree = "<group>"; };
		6EB8C8B417AF1B680051293C /* DDData.h */ = {isa = PBXFileReference; fileEncoding = 4; lastKnownFileType = sourcecode.c.h; path = DDData.h; sourceTree = "<group>"; };
		6EB8C8B517AF1B680051293C /* DDData.m */ = {isa = PBXFileReference; fileEncoding = 4; lastKnownFileType = sourcecode.c.objc; path = DDData.m; sourceTree = "<group>"; };
		6EB8C8B617AF1B680051293C /* DDNumber.h */ = {isa = PBXFileReference; fileEncoding = 4; lastKnownFileType = sourcecode.c.h; path = DDNumber.h; sourceTree = "<group>"; };
		6EB8C8B717AF1B680051293C /* DDNumber.m */ = {isa = PBXFileReference; fileEncoding = 4; lastKnownFileType = sourcecode.c.objc; path = DDNumber.m; sourceTree = "<group>"; };
		6EB8C8B817AF1B680051293C /* DDRange.h */ = {isa = PBXFileReference; fileEncoding = 4; lastKnownFileType = sourcecode.c.h; path = DDRange.h; sourceTree = "<group>"; };
		6EB8C8B917AF1B680051293C /* DDRange.m */ = {isa = PBXFileReference; fileEncoding = 4; lastKnownFileType = sourcecode.c.objc; path = DDRange.m; sourceTree = "<group>"; };
		6EB8C8BA17AF1B680051293C /* HTTPAuthenticationRequest.h */ = {isa = PBXFileReference; fileEncoding = 4; lastKnownFileType = sourcecode.c.h; name = HTTPAuthenticationRequest.h; path = "../../../../3rd party projects/CocoaHTTPServer/Core/HTTPAuthenticationRequest.h"; sourceTree = "<group>"; };
		6EB8C8BB17AF1B680051293C /* HTTPAuthenticationRequest.m */ = {isa = PBXFileReference; fileEncoding = 4; lastKnownFileType = sourcecode.c.objc; name = HTTPAuthenticationRequest.m; path = "../../../../3rd party projects/CocoaHTTPServer/Core/HTTPAuthenticationRequest.m"; sourceTree = "<group>"; };
		6EB8C8BC17AF1B680051293C /* HTTPConnection.h */ = {isa = PBXFileReference; fileEncoding = 4; lastKnownFileType = sourcecode.c.h; name = HTTPConnection.h; path = "../../../../3rd party projects/CocoaHTTPServer/Core/HTTPConnection.h"; sourceTree = "<group>"; };
		6EB8C8BD17AF1B680051293C /* HTTPConnection.m */ = {isa = PBXFileReference; fileEncoding = 4; lastKnownFileType = sourcecode.c.objc; name = HTTPConnection.m; path = "../../../../3rd party projects/CocoaHTTPServer/Core/HTTPConnection.m"; sourceTree = "<group>"; };
		6EB8C8BE17AF1B680051293C /* HTTPLogging.h */ = {isa = PBXFileReference; fileEncoding = 4; lastKnownFileType = sourcecode.c.h; name = HTTPLogging.h; path = "../../../../3rd party projects/CocoaHTTPServer/Core/HTTPLogging.h"; sourceTree = "<group>"; };
		6EB8C8BF17AF1B680051293C /* HTTPMessage.h */ = {isa = PBXFileReference; fileEncoding = 4; lastKnownFileType = sourcecode.c.h; name = HTTPMessage.h; path = "../../../../3rd party projects/CocoaHTTPServer/Core/HTTPMessage.h"; sourceTree = "<group>"; };
		6EB8C8C017AF1B680051293C /* HTTPMessage.m */ = {isa = PBXFileReference; fileEncoding = 4; lastKnownFileType = sourcecode.c.objc; name = HTTPMessage.m; path = "../../../../3rd party projects/CocoaHTTPServer/Core/HTTPMessage.m"; sourceTree = "<group>"; };
		6EB8C8C117AF1B680051293C /* HTTPResponse.h */ = {isa = PBXFileReference; fileEncoding = 4; lastKnownFileType = sourcecode.c.h; name = HTTPResponse.h; path = "../../../../3rd party projects/CocoaHTTPServer/Core/HTTPResponse.h"; sourceTree = "<group>"; };
		6EB8C8C217AF1B680051293C /* HTTPServer.h */ = {isa = PBXFileReference; fileEncoding = 4; lastKnownFileType = sourcecode.c.h; name = HTTPServer.h; path = "../../../../3rd party projects/CocoaHTTPServer/Core/HTTPServer.h"; sourceTree = "<group>"; };
		6EB8C8C317AF1B680051293C /* HTTPServer.m */ = {isa = PBXFileReference; fileEncoding = 4; lastKnownFileType = sourcecode.c.objc; name = HTTPServer.m; path = "../../../../3rd party projects/CocoaHTTPServer/Core/HTTPServer.m"; sourceTree = "<group>"; };
		6EB8C8C517AF1B680051293C /* MultipartFormDataParser.h */ = {isa = PBXFileReference; fileEncoding = 4; lastKnownFileType = sourcecode.c.h; path = MultipartFormDataParser.h; sourceTree = "<group>"; };
		6EB8C8C617AF1B680051293C /* MultipartFormDataParser.m */ = {isa = PBXFileReference; fileEncoding = 4; lastKnownFileType = sourcecode.c.objc; path = MultipartFormDataParser.m; sourceTree = "<group>"; };
		6EB8C8C717AF1B680051293C /* MultipartMessageHeader.h */ = {isa = PBXFileReference; fileEncoding = 4; lastKnownFileType = sourcecode.c.h; path = MultipartMessageHeader.h; sourceTree = "<group>"; };
		6EB8C8C817AF1B680051293C /* MultipartMessageHeader.m */ = {isa = PBXFileReference; fileEncoding = 4; lastKnownFileType = sourcecode.c.objc; path = MultipartMessageHeader.m; sourceTree = "<group>"; };
		6EB8C8C917AF1B680051293C /* MultipartMessageHeaderField.h */ = {isa = PBXFileReference; fileEncoding = 4; lastKnownFileType = sourcecode.c.h; path = MultipartMessageHeaderField.h; sourceTree = "<group>"; };
		6EB8C8CA17AF1B680051293C /* MultipartMessageHeaderField.m */ = {isa = PBXFileReference; fileEncoding = 4; lastKnownFileType = sourcecode.c.objc; path = MultipartMessageHeaderField.m; sourceTree = "<group>"; };
		6EB8C8CC17AF1B680051293C /* HTTPAsyncFileResponse.h */ = {isa = PBXFileReference; fileEncoding = 4; lastKnownFileType = sourcecode.c.h; path = HTTPAsyncFileResponse.h; sourceTree = "<group>"; };
		6EB8C8CD17AF1B680051293C /* HTTPAsyncFileResponse.m */ = {isa = PBXFileReference; fileEncoding = 4; lastKnownFileType = sourcecode.c.objc; path = HTTPAsyncFileResponse.m; sourceTree = "<group>"; };
		6EB8C8CE17AF1B680051293C /* HTTPDataResponse.h */ = {isa = PBXFileReference; fileEncoding = 4; lastKnownFileType = sourcecode.c.h; path = HTTPDataResponse.h; sourceTree = "<group>"; };
		6EB8C8CF17AF1B680051293C /* HTTPDataResponse.m */ = {isa = PBXFileReference; fileEncoding = 4; lastKnownFileType = sourcecode.c.objc; path = HTTPDataResponse.m; sourceTree = "<group>"; };
		6EB8C8D017AF1B680051293C /* HTTPDynamicFileResponse.h */ = {isa = PBXFileReference; fileEncoding = 4; lastKnownFileType = sourcecode.c.h; path = HTTPDynamicFileResponse.h; sourceTree = "<group>"; };
		6EB8C8D117AF1B680051293C /* HTTPDynamicFileResponse.m */ = {isa = PBXFileReference; fileEncoding = 4; lastKnownFileType = sourcecode.c.objc; path = HTTPDynamicFileResponse.m; sourceTree = "<group>"; };
		6EB8C8D217AF1B680051293C /* HTTPErrorResponse.h */ = {isa = PBXFileReference; fileEncoding = 4; lastKnownFileType = sourcecode.c.h; path = HTTPErrorResponse.h; sourceTree = "<group>"; };
		6EB8C8D317AF1B680051293C /* HTTPErrorResponse.m */ = {isa = PBXFileReference; fileEncoding = 4; lastKnownFileType = sourcecode.c.objc; path = HTTPErrorResponse.m; sourceTree = "<group>"; };
		6EB8C8D417AF1B680051293C /* HTTPFileResponse.h */ = {isa = PBXFileReference; fileEncoding = 4; lastKnownFileType = sourcecode.c.h; path = HTTPFileResponse.h; sourceTree = "<group>"; };
		6EB8C8D517AF1B680051293C /* HTTPFileResponse.m */ = {isa = PBXFileReference; fileEncoding = 4; lastKnownFileType = sourcecode.c.objc; path = HTTPFileResponse.m; sourceTree = "<group>"; };
		6EB8C8D617AF1B680051293C /* HTTPRedirectResponse.h */ = {isa = PBXFileReference; fileEncoding = 4; lastKnownFileType = sourcecode.c.h; path = HTTPRedirectResponse.h; sourceTree = "<group>"; };
		6EB8C8D717AF1B680051293C /* HTTPRedirectResponse.m */ = {isa = PBXFileReference; fileEncoding = 4; lastKnownFileType = sourcecode.c.objc; path = HTTPRedirectResponse.m; sourceTree = "<group>"; };
		6EB8C8D817AF1B680051293C /* WebSocket.h */ = {isa = PBXFileReference; fileEncoding = 4; lastKnownFileType = sourcecode.c.h; name = WebSocket.h; path = "../../../../3rd party projects/CocoaHTTPServer/Core/WebSocket.h"; sourceTree = "<group>"; };
		6EB8C8D917AF1B680051293C /* WebSocket.m */ = {isa = PBXFileReference; fileEncoding = 4; lastKnownFileType = sourcecode.c.objc; name = WebSocket.m; path = "../../../../3rd party projects/CocoaHTTPServer/Core/WebSocket.m"; sourceTree = "<group>"; };
		6EBFD39817B6B73B009D208D /* APIApp.h */ = {isa = PBXFileReference; fileEncoding = 4; lastKnownFileType = sourcecode.c.h; path = APIApp.h; sourceTree = "<group>"; };
		6EBFD39917B6B73B009D208D /* APIApp.m */ = {isa = PBXFileReference; fileEncoding = 4; lastKnownFileType = sourcecode.c.objc; path = APIApp.m; sourceTree = "<group>"; };
		6EBFD39B17B6B73B009D208D /* APIAppUserPermissions.h */ = {isa = PBXFileReference; fileEncoding = 4; lastKnownFileType = sourcecode.c.h; path = APIAppUserPermissions.h; sourceTree = "<group>"; };
		6EBFD39C17B6B73B009D208D /* APIAppUserPermissions.m */ = {isa = PBXFileReference; fileEncoding = 4; lastKnownFileType = sourcecode.c.objc; path = APIAppUserPermissions.m; sourceTree = "<group>"; };
/* End PBXFileReference section */

/* Begin PBXFrameworksBuildPhase section */
		6EB84B2117ADE0F50033C32C /* Frameworks */ = {
			isa = PBXFrameworksBuildPhase;
			buildActionMask = 2147483647;
			files = (
				6EB84B2817ADE0F50033C32C /* Cocoa.framework in Frameworks */,
			);
			runOnlyForDeploymentPostprocessing = 0;
		};
/* End PBXFrameworksBuildPhase section */

/* Begin PBXGroup section */
		6E72C6FD17AEAA3A0045D486 /* Model */ = {
			isa = PBXGroup;
			children = (
				6E72C6FE17AEAA410045D486 /* Categories */,
				6E72C71817AEAF700045D486 /* NSManagedObject */,
			);
			name = Model;
			sourceTree = "<group>";
		};
		6E72C6FE17AEAA410045D486 /* Categories */ = {
			isa = PBXGroup;
			children = (
				6E72C6F917AEAA320045D486 /* NSObject+CompletionBlock.h */,
				6E72C6FA17AEAA320045D486 /* NSString+RandomString.h */,
				6E72C6FB17AEAA320045D486 /* NSString+RandomString.m */,
			);
			name = Categories;
			sourceTree = "<group>";
		};
		6E72C6FF17AEAA500045D486 /* Stores */ = {
			isa = PBXGroup;
			children = (
				6E5E208B17AEC56500B0D5C7 /* CDASQLiteDataStore.h */,
				6E5E208C17AEC56500B0D5C7 /* CDASQLiteDataStore.m */,
			);
			name = Stores;
			sourceTree = "<group>";
		};
		6E72C71817AEAF700045D486 /* NSManagedObject */ = {
			isa = PBXGroup;
			children = (
				6EBFD39B17B6B73B009D208D /* APIAppUserPermissions.h */,
				6EBFD39C17B6B73B009D208D /* APIAppUserPermissions.m */,
				6EBFD39817B6B73B009D208D /* APIApp.h */,
				6EBFD39917B6B73B009D208D /* APIApp.m */,
				6E5E208817AEB30B00B0D5C7 /* Image.h */,
				6E5E208917AEB30B00B0D5C7 /* Image.m */,
				6E72C70017AEAF6B0045D486 /* User.h */,
				6E72C70117AEAF6B0045D486 /* User.m */,
				6E72C70217AEAF6B0045D486 /* Link.h */,
				6E72C70317AEAF6B0045D486 /* Link.m */,
				6E72C70617AEAF6B0045D486 /* Post.h */,
				6E72C70717AEAF6B0045D486 /* Post.m */,
				6E72C70817AEAF6B0045D486 /* Session.h */,
				6E72C70917AEAF6B0045D486 /* Session.m */,
				6E72C70A17AEAF6B0045D486 /* SiteAccount.h */,
				6E72C70B17AEAF6B0045D486 /* SiteAccount.m */,
				6E72C70C17AEAF6B0045D486 /* Skill.h */,
				6E72C70D17AEAF6B0045D486 /* Skill.m */,
				6E72C70E17AEAF6B0045D486 /* Team.h */,
				6E72C70F17AEAF6B0045D486 /* Team.m */,
			);
			name = NSManagedObject;
			sourceTree = "<group>";
		};
		6EB84B1B17ADE0F50033C32C = {
			isa = PBXGroup;
			children = (
				6EB84B2D17ADE0F50033C32C /* Social Developer Server */,
				6EB84B2617ADE0F50033C32C /* Frameworks */,
				6EB84B2517ADE0F50033C32C /* Products */,
			);
			sourceTree = "<group>";
		};
		6EB84B2517ADE0F50033C32C /* Products */ = {
			isa = PBXGroup;
			children = (
				6EB84B2417ADE0F50033C32C /* Social Developer Server.app */,
			);
			name = Products;
			sourceTree = "<group>";
		};
		6EB84B2617ADE0F50033C32C /* Frameworks */ = {
			isa = PBXGroup;
			children = (
				6EB84B2717ADE0F50033C32C /* Cocoa.framework */,
				6EB84B2917ADE0F50033C32C /* Other Frameworks */,
			);
			name = Frameworks;
			sourceTree = "<group>";
		};
		6EB84B2917ADE0F50033C32C /* Other Frameworks */ = {
			isa = PBXGroup;
			children = (
				6EB84B2A17ADE0F50033C32C /* AppKit.framework */,
				6EB84B2B17ADE0F50033C32C /* CoreData.framework */,
				6EB84B2C17ADE0F50033C32C /* Foundation.framework */,
			);
			name = "Other Frameworks";
			sourceTree = "<group>";
		};
		6EB84B2D17ADE0F50033C32C /* Social Developer Server */ = {
			isa = PBXGroup;
			children = (
				6EB84B3917ADE0F50033C32C /* SDSAppDelegate.h */,
				6EB84B3A17ADE0F50033C32C /* SDSAppDelegate.m */,
				6EB84B3C17ADE0F60033C32C /* MainMenu.xib */,
				6EB84B4417ADE6130033C32C /* DataModel.xcdatamodel */,
				6E72C6FD17AEAA3A0045D486 /* Model */,
				6EB8C89717AF0D350051293C /* Controllers */,
				6E72C6FF17AEAA500045D486 /* Stores */,
				6EB84B2E17ADE0F50033C32C /* Supporting Files */,
			);
			path = "Social Developer Server";
			sourceTree = "<group>";
		};
		6EB84B2E17ADE0F50033C32C /* Supporting Files */ = {
			isa = PBXGroup;
			children = (
				6E72C71917AEB0810045D486 /* Social Developer Server.entitlements */,
				6EB84B2F17ADE0F50033C32C /* Social Developer Server-Info.plist */,
				6EB84B3017ADE0F50033C32C /* InfoPlist.strings */,
				6EB84B3317ADE0F50033C32C /* main.m */,
				6EB84B3517ADE0F50033C32C /* Social Developer Server-Prefix.pch */,
				6EB84B3617ADE0F50033C32C /* Credits.rtf */,
			);
			name = "Supporting Files";
			sourceTree = "<group>";
		};
		6EB8C89717AF0D350051293C /* Controllers */ = {
			isa = PBXGroup;
			children = (
				6EB8C89C17AF0E390051293C /* SDSServer.h */,
				6EB8C89D17AF0E390051293C /* SDSServer.m */,
				6EB8C8B217AF1AE90051293C /* Cocoa HTTP Server */,
				6EB8C8B117AF1AD80051293C /* Routing HTTP Server */,
				6EB8C89B17AF0D660051293C /* GDC Socket */,
			);
			name = Controllers;
			sourceTree = "<group>";
		};
		6EB8C89B17AF0D660051293C /* GDC Socket */ = {
			isa = PBXGroup;
			children = (
				6EB8C89817AF0D620051293C /* GCDAsyncSocket.h */,
				6EB8C89917AF0D620051293C /* GCDAsyncSocket.m */,
			);
			name = "GDC Socket";
			sourceTree = "<group>";
		};
		6EB8C8B117AF1AD80051293C /* Routing HTTP Server */ = {
			isa = PBXGroup;
			children = (
				6EB8C89F17AF1AD30051293C /* HTTPResponseProxy.h */,
				6EB8C8A017AF1AD30051293C /* HTTPResponseProxy.m */,
				6EB8C8A117AF1AD30051293C /* Route.h */,
				6EB8C8A217AF1AD30051293C /* Route.m */,
				6EB8C8A317AF1AD30051293C /* RouteRequest.h */,
				6EB8C8A417AF1AD30051293C /* RouteRequest.m */,
				6EB8C8A517AF1AD30051293C /* RouteResponse.h */,
				6EB8C8A617AF1AD30051293C /* RouteResponse.m */,
				6EB8C8A717AF1AD30051293C /* RoutingConnection.h */,
				6EB8C8A817AF1AD30051293C /* RoutingConnection.m */,
				6EB8C8A917AF1AD30051293C /* RoutingHTTPServer.h */,
				6EB8C8AA17AF1AD30051293C /* RoutingHTTPServer.m */,
			);
			name = "Routing HTTP Server";
			sourceTree = "<group>";
		};
		6EB8C8B217AF1AE90051293C /* Cocoa HTTP Server */ = {
			isa = PBXGroup;
			children = (
				6EB8C8B317AF1B680051293C /* Categories */,
				6EB8C8BA17AF1B680051293C /* HTTPAuthenticationRequest.h */,
				6EB8C8BB17AF1B680051293C /* HTTPAuthenticationRequest.m */,
				6EB8C8BC17AF1B680051293C /* HTTPConnection.h */,
				6EB8C8BD17AF1B680051293C /* HTTPConnection.m */,
				6EB8C8BE17AF1B680051293C /* HTTPLogging.h */,
				6EB8C8BF17AF1B680051293C /* HTTPMessage.h */,
				6EB8C8C017AF1B680051293C /* HTTPMessage.m */,
				6EB8C8C117AF1B680051293C /* HTTPResponse.h */,
				6EB8C8C217AF1B680051293C /* HTTPServer.h */,
				6EB8C8C317AF1B680051293C /* HTTPServer.m */,
				6EB8C8C417AF1B680051293C /* Mime */,
				6EB8C8CB17AF1B680051293C /* Responses */,
				6EB8C8D817AF1B680051293C /* WebSocket.h */,
				6EB8C8D917AF1B680051293C /* WebSocket.m */,
			);
			name = "Cocoa HTTP Server";
			sourceTree = "<group>";
		};
		6EB8C8B317AF1B680051293C /* Categories */ = {
			isa = PBXGroup;
			children = (
				6EB8C8B417AF1B680051293C /* DDData.h */,
				6EB8C8B517AF1B680051293C /* DDData.m */,
				6EB8C8B617AF1B680051293C /* DDNumber.h */,
				6EB8C8B717AF1B680051293C /* DDNumber.m */,
				6EB8C8B817AF1B680051293C /* DDRange.h */,
				6EB8C8B917AF1B680051293C /* DDRange.m */,
			);
			name = Categories;
			path = "../../../../3rd party projects/CocoaHTTPServer/Core/Categories";
			sourceTree = "<group>";
		};
		6EB8C8C417AF1B680051293C /* Mime */ = {
			isa = PBXGroup;
			children = (
				6EB8C8C517AF1B680051293C /* MultipartFormDataParser.h */,
				6EB8C8C617AF1B680051293C /* MultipartFormDataParser.m */,
				6EB8C8C717AF1B680051293C /* MultipartMessageHeader.h */,
				6EB8C8C817AF1B680051293C /* MultipartMessageHeader.m */,
				6EB8C8C917AF1B680051293C /* MultipartMessageHeaderField.h */,
				6EB8C8CA17AF1B680051293C /* MultipartMessageHeaderField.m */,
			);
			name = Mime;
			path = "../../../../3rd party projects/CocoaHTTPServer/Core/Mime";
			sourceTree = "<group>";
		};
		6EB8C8CB17AF1B680051293C /* Responses */ = {
			isa = PBXGroup;
			children = (
				6EB8C8CC17AF1B680051293C /* HTTPAsyncFileResponse.h */,
				6EB8C8CD17AF1B680051293C /* HTTPAsyncFileResponse.m */,
				6EB8C8CE17AF1B680051293C /* HTTPDataResponse.h */,
				6EB8C8CF17AF1B680051293C /* HTTPDataResponse.m */,
				6EB8C8D017AF1B680051293C /* HTTPDynamicFileResponse.h */,
				6EB8C8D117AF1B680051293C /* HTTPDynamicFileResponse.m */,
				6EB8C8D217AF1B680051293C /* HTTPErrorResponse.h */,
				6EB8C8D317AF1B680051293C /* HTTPErrorResponse.m */,
				6EB8C8D417AF1B680051293C /* HTTPFileResponse.h */,
				6EB8C8D517AF1B680051293C /* HTTPFileResponse.m */,
				6EB8C8D617AF1B680051293C /* HTTPRedirectResponse.h */,
				6EB8C8D717AF1B680051293C /* HTTPRedirectResponse.m */,
			);
			name = Responses;
			path = "../../../../3rd party projects/CocoaHTTPServer/Core/Responses";
			sourceTree = "<group>";
		};
/* End PBXGroup section */

/* Begin PBXNativeTarget section */
		6EB84B2317ADE0F50033C32C /* Social Developer Server */ = {
			isa = PBXNativeTarget;
			buildConfigurationList = 6EB84B4117ADE0F60033C32C /* Build configuration list for PBXNativeTarget "Social Developer Server" */;
			buildPhases = (
				6EB84B2017ADE0F50033C32C /* Sources */,
				6EB84B2117ADE0F50033C32C /* Frameworks */,
				6EB84B2217ADE0F50033C32C /* Resources */,
			);
			buildRules = (
			);
			dependencies = (
			);
			name = "Social Developer Server";
			productName = "Social Developer Server";
			productReference = 6EB84B2417ADE0F50033C32C /* Social Developer Server.app */;
			productType = "com.apple.product-type.application";
		};
/* End PBXNativeTarget section */

/* Begin PBXProject section */
		6EB84B1C17ADE0F50033C32C /* Project object */ = {
			isa = PBXProject;
			attributes = {
				CLASSPREFIX = SDS;
				LastUpgradeCheck = 0460;
				ORGANIZATIONNAME = ColemanCDA;
			};
			buildConfigurationList = 6EB84B1F17ADE0F50033C32C /* Build configuration list for PBXProject "Social Developer Server" */;
			compatibilityVersion = "Xcode 3.2";
			developmentRegion = English;
			hasScannedForEncodings = 0;
			knownRegions = (
				en,
			);
			mainGroup = 6EB84B1B17ADE0F50033C32C;
			productRefGroup = 6EB84B2517ADE0F50033C32C /* Products */;
			projectDirPath = "";
			projectRoot = "";
			targets = (
				6EB84B2317ADE0F50033C32C /* Social Developer Server */,
			);
		};
/* End PBXProject section */

/* Begin PBXResourcesBuildPhase section */
		6EB84B2217ADE0F50033C32C /* Resources */ = {
			isa = PBXResourcesBuildPhase;
			buildActionMask = 2147483647;
			files = (
				6EB84B3217ADE0F50033C32C /* InfoPlist.strings in Resources */,
				6EB84B3817ADE0F50033C32C /* Credits.rtf in Resources */,
				6EB84B3E17ADE0F60033C32C /* MainMenu.xib in Resources */,
			);
			runOnlyForDeploymentPostprocessing = 0;
		};
/* End PBXResourcesBuildPhase section */

/* Begin PBXSourcesBuildPhase section */
		6EB84B2017ADE0F50033C32C /* Sources */ = {
			isa = PBXSourcesBuildPhase;
			buildActionMask = 2147483647;
			files = (
				6EB84B3417ADE0F50033C32C /* main.m in Sources */,
				6EB84B3B17ADE0F50033C32C /* SDSAppDelegate.m in Sources */,
				6EB84B4717ADE6130033C32C /* DataModel.xcdatamodel in Sources */,
				6E72C6FC17AEAA320045D486 /* NSString+RandomString.m in Sources */,
				6E72C71017AEAF6B0045D486 /* User.m in Sources */,
				6E72C71117AEAF6B0045D486 /* Link.m in Sources */,
				6E72C71317AEAF6B0045D486 /* Post.m in Sources */,
				6E72C71417AEAF6B0045D486 /* Session.m in Sources */,
				6E72C71517AEAF6B0045D486 /* SiteAccount.m in Sources */,
				6E72C71617AEAF6B0045D486 /* Skill.m in Sources */,
				6E72C71717AEAF6B0045D486 /* Team.m in Sources */,
				6E5E208A17AEB30B00B0D5C7 /* Image.m in Sources */,
				6E5E208D17AEC56500B0D5C7 /* CDASQLiteDataStore.m in Sources */,
				6EB8C89A17AF0D620051293C /* GCDAsyncSocket.m in Sources */,
				6EB8C89E17AF0E390051293C /* SDSServer.m in Sources */,
				6EB8C8AB17AF1AD30051293C /* HTTPResponseProxy.m in Sources */,
				6EB8C8AC17AF1AD30051293C /* Route.m in Sources */,
				6EB8C8AD17AF1AD30051293C /* RouteRequest.m in Sources */,
				6EB8C8AE17AF1AD30051293C /* RouteResponse.m in Sources */,
				6EB8C8AF17AF1AD30051293C /* RoutingConnection.m in Sources */,
				6EB8C8B017AF1AD30051293C /* RoutingHTTPServer.m in Sources */,
				6EB8C8DA17AF1B680051293C /* DDData.m in Sources */,
				6EB8C8DB17AF1B680051293C /* DDNumber.m in Sources */,
				6EB8C8DC17AF1B680051293C /* DDRange.m in Sources */,
				6EB8C8DD17AF1B680051293C /* HTTPAuthenticationRequest.m in Sources */,
				6EB8C8DE17AF1B680051293C /* HTTPConnection.m in Sources */,
				6EB8C8DF17AF1B680051293C /* HTTPMessage.m in Sources */,
				6EB8C8E017AF1B680051293C /* HTTPServer.m in Sources */,
				6EB8C8E117AF1B680051293C /* MultipartFormDataParser.m in Sources */,
				6EB8C8E217AF1B680051293C /* MultipartMessageHeader.m in Sources */,
				6EB8C8E317AF1B680051293C /* MultipartMessageHeaderField.m in Sources */,
				6EB8C8E417AF1B680051293C /* HTTPAsyncFileResponse.m in Sources */,
				6EB8C8E517AF1B680051293C /* HTTPDataResponse.m in Sources */,
				6EB8C8E617AF1B680051293C /* HTTPDynamicFileResponse.m in Sources */,
				6EB8C8E717AF1B680051293C /* HTTPErrorResponse.m in Sources */,
				6EB8C8E817AF1B680051293C /* HTTPFileResponse.m in Sources */,
				6EB8C8E917AF1B680051293C /* HTTPRedirectResponse.m in Sources */,
				6EB8C8EA17AF1B680051293C /* WebSocket.m in Sources */,
				6EBFD39A17B6B73B009D208D /* APIApp.m in Sources */,
				6EBFD39D17B6B73B009D208D /* APIAppUserPermissions.m in Sources */,
			);
			runOnlyForDeploymentPostprocessing = 0;
		};
/* End PBXSourcesBuildPhase section */

/* Begin PBXVariantGroup section */
		6EB84B3017ADE0F50033C32C /* InfoPlist.strings */ = {
			isa = PBXVariantGroup;
			children = (
				6EB84B3117ADE0F50033C32C /* en */,
			);
			name = InfoPlist.strings;
			sourceTree = "<group>";
		};
		6EB84B3617ADE0F50033C32C /* Credits.rtf */ = {
			isa = PBXVariantGroup;
			children = (
				6EB84B3717ADE0F50033C32C /* en */,
			);
			name = Credits.rtf;
			sourceTree = "<group>";
		};
		6EB84B3C17ADE0F60033C32C /* MainMenu.xib */ = {
			isa = PBXVariantGroup;
			children = (
				6EB84B3D17ADE0F60033C32C /* en */,
			);
			name = MainMenu.xib;
			sourceTree = "<group>";
		};
/* End PBXVariantGroup section */

/* Begin XCBuildConfiguration section */
		6EB84B3F17ADE0F60033C32C /* Debug */ = {
			isa = XCBuildConfiguration;
			buildSettings = {
				ALWAYS_SEARCH_USER_PATHS = NO;
				ARCHS = "$(ARCHS_STANDARD_64_BIT)";
				CLANG_CXX_LANGUAGE_STANDARD = "gnu++0x";
				CLANG_CXX_LIBRARY = "libc++";
				CLANG_ENABLE_OBJC_ARC = YES;
				CLANG_WARN_CONSTANT_CONVERSION = YES;
				CLANG_WARN_EMPTY_BODY = YES;
				CLANG_WARN_ENUM_CONVERSION = YES;
				CLANG_WARN_INT_CONVERSION = YES;
				CLANG_WARN__DUPLICATE_METHOD_MATCH = YES;
				COPY_PHASE_STRIP = NO;
				GCC_C_LANGUAGE_STANDARD = gnu99;
				GCC_DYNAMIC_NO_PIC = NO;
				GCC_ENABLE_OBJC_EXCEPTIONS = YES;
				GCC_OPTIMIZATION_LEVEL = 0;
				GCC_PREPROCESSOR_DEFINITIONS = (
					"DEBUG=1",
					"$(inherited)",
				);
				GCC_SYMBOLS_PRIVATE_EXTERN = NO;
				GCC_WARN_64_TO_32_BIT_CONVERSION = YES;
				GCC_WARN_ABOUT_RETURN_TYPE = YES;
				GCC_WARN_UNINITIALIZED_AUTOS = YES;
				GCC_WARN_UNUSED_VARIABLE = YES;
				MACOSX_DEPLOYMENT_TARGET = 10.8;
				ONLY_ACTIVE_ARCH = YES;
				SDKROOT = macosx;
			};
			name = Debug;
		};
		6EB84B4017ADE0F60033C32C /* Release */ = {
			isa = XCBuildConfiguration;
			buildSettings = {
				ALWAYS_SEARCH_USER_PATHS = NO;
				ARCHS = "$(ARCHS_STANDARD_64_BIT)";
				CLANG_CXX_LANGUAGE_STANDARD = "gnu++0x";
				CLANG_CXX_LIBRARY = "libc++";
				CLANG_ENABLE_OBJC_ARC = YES;
				CLANG_WARN_CONSTANT_CONVERSION = YES;
				CLANG_WARN_EMPTY_BODY = YES;
				CLANG_WARN_ENUM_CONVERSION = YES;
				CLANG_WARN_INT_CONVERSION = YES;
				CLANG_WARN__DUPLICATE_METHOD_MATCH = YES;
				COPY_PHASE_STRIP = YES;
				DEBUG_INFORMATION_FORMAT = "dwarf-with-dsym";
				GCC_C_LANGUAGE_STANDARD = gnu99;
				GCC_ENABLE_OBJC_EXCEPTIONS = YES;
				GCC_WARN_64_TO_32_BIT_CONVERSION = YES;
				GCC_WARN_ABOUT_RETURN_TYPE = YES;
				GCC_WARN_UNINITIALIZED_AUTOS = YES;
				GCC_WARN_UNUSED_VARIABLE = YES;
				MACOSX_DEPLOYMENT_TARGET = 10.8;
				SDKROOT = macosx;
			};
			name = Release;
		};
		6EB84B4217ADE0F60033C32C /* Debug */ = {
			isa = XCBuildConfiguration;
			buildSettings = {
				CODE_SIGN_ENTITLEMENTS = "Social Developer Server/Social Developer Server.entitlements";
				COMBINE_HIDPI_IMAGES = YES;
				GCC_PRECOMPILE_PREFIX_HEADER = YES;
				GCC_PREFIX_HEADER = "Social Developer Server/Social Developer Server-Prefix.pch";
				INFOPLIST_FILE = "Social Developer Server/Social Developer Server-Info.plist";
				MACOSX_DEPLOYMENT_TARGET = 10.8;
				PRODUCT_NAME = "$(TARGET_NAME)";
				WRAPPER_EXTENSION = app;
			};
			name = Debug;
		};
		6EB84B4317ADE0F60033C32C /* Release */ = {
			isa = XCBuildConfiguration;
			buildSettings = {
				CODE_SIGN_ENTITLEMENTS = "Social Developer Server/Social Developer Server.entitlements";
				COMBINE_HIDPI_IMAGES = YES;
				GCC_PRECOMPILE_PREFIX_HEADER = YES;
				GCC_PREFIX_HEADER = "Social Developer Server/Social Developer Server-Prefix.pch";
				INFOPLIST_FILE = "Social Developer Server/Social Developer Server-Info.plist";
				MACOSX_DEPLOYMENT_TARGET = 10.8;
				PRODUCT_NAME = "$(TARGET_NAME)";
				WRAPPER_EXTENSION = app;
			};
			name = Release;
		};
/* End XCBuildConfiguration section */

/* Begin XCConfigurationList section */
		6EB84B1F17ADE0F50033C32C /* Build configuration list for PBXProject "Social Developer Server" */ = {
			isa = XCConfigurationList;
			buildConfigurations = (
				6EB84B3F17ADE0F60033C32C /* Debug */,
				6EB84B4017ADE0F60033C32C /* Release */,
			);
			defaultConfigurationIsVisible = 0;
			defaultConfigurationName = Release;
		};
		6EB84B4117ADE0F60033C32C /* Build configuration list for PBXNativeTarget "Social Developer Server" */ = {
			isa = XCConfigurationList;
			buildConfigurations = (
				6EB84B4217ADE0F60033C32C /* Debug */,
				6EB84B4317ADE0F60033C32C /* Release */,
			);
			defaultConfigurationIsVisible = 0;
			defaultConfigurationName = Release;
		};
/* End XCConfigurationList section */
	};
	rootObject = 6EB84B1C17ADE0F50033C32C /* Project object */;
}
